
Microsoft Visual Studio Solution File, Format Version 12.00
# Visual Studio Version 16
VisualStudioVersion = 16.0.31911.196
MinimumVisualStudioVersion = 10.0.40219.1
Project("{FAE04EC0-301F-11D3-BF4B-00C04F79EFBC}") = "ProjectAlgorithm", "ProjectAlgorithm\ProjectAlgorithm.csproj", "{175B2452-67CC-41C6-9A7B-C19D4FBFD77A}"
EndProject
Project("{FAE04EC0-301F-11D3-BF4B-00C04F79EFBC}") = "Fibonacchi", "Fibonacchi\Fibonacchi.csproj", "{732E27E2-7DE8-411C-A758-67E8206C205D}"
EndProject
Global
	GlobalSection(SolutionConfigurationPlatforms) = preSolution
		Debug|Any CPU = Debug|Any CPU
		Release|Any CPU = Release|Any CPU
	EndGlobalSection
	GlobalSection(ProjectConfigurationPlatforms) = postSolution
		{175B2452-67CC-41C6-9A7B-C19D4FBFD77A}.Debug|Any CPU.ActiveCfg = Debug|Any CPU
		{175B2452-67CC-41C6-9A7B-C19D4FBFD77A}.Debug|Any CPU.Build.0 = Debug|Any CPU
		{175B2452-67CC-41C6-9A7B-C19D4FBFD77A}.Release|Any CPU.ActiveCfg = Release|Any CPU
		{175B2452-67CC-41C6-9A7B-C19D4FBFD77A}.Release|Any CPU.Build.0 = Release|Any CPU
		{732E27E2-7DE8-411C-A758-67E8206C205D}.Debug|Any CPU.ActiveCfg = Debug|Any CPU
		{732E27E2-7DE8-411C-A758-67E8206C205D}.Debug|Any CPU.Build.0 = Debug|Any CPU
		{732E27E2-7DE8-411C-A758-67E8206C205D}.Release|Any CPU.ActiveCfg = Release|Any CPU
		{732E27E2-7DE8-411C-A758-67E8206C205D}.Release|Any CPU.Build.0 = Release|Any CPU
	EndGlobalSection
	GlobalSection(SolutionProperties) = preSolution
		HideSolutionNode = FALSE
	EndGlobalSection
	GlobalSection(ExtensibilityGlobals) = postSolution
		SolutionGuid = {57F0505D-D07C-42CC-BC46-10A25821C158}
	EndGlobalSection
EndGlobal
